%{
  "dns": {:hex, :dns, "2.2.0", "4721a79c2bccc25481930dffbfd06f40851321c3d679986af307111214bf124c", [:mix], [{:socket, "~> 0.3.13", [hex: :socket, repo: "hexpm", optional: false]}], "hexpm", "13ed1ef36ce896211ec6ce5e02709dbfb12aa61d6255bda8d531577a0a5a56e0"},
  "erlexec": {:hex, :erlexec, "2.3.0", "90dff0f8974c71e85325c277d81855a7ac2882ce43ce4110d227d1e91c4f1b37", [:rebar3], [], "hexpm", "2cf7dcb67c91dce78c31efdf08de8bd103dd7c8a297d20db1b76dfc00b5a5a24"},
  "exec": {:hex, :exec, "1.0.1", "ca08cb6007e4066cfadac89f7b59b5f72f2d32c98b920c1828a9e471e2031e39", [:rebar3], [], "hexpm", "87c7ef2dea2bb503bb0eec8cb34776172999aecc6e12d90f7629796a7a3ccb1f"},
  "jason": {:hex, :jason, "1.2.2", "ba43e3f2709fd1aa1dce90aaabfd039d000469c05c56f0b8e31978e03fa39052", [:mix], [{:decimal, "~> 1.0 or ~> 2.0", [hex: :decimal, repo: "hexpm", optional: true]}], "hexpm", "18a228f5f0058ee183f29f9eae0805c6e59d61c3b006760668d8d18ff0d12179"},
  "socket": {:hex, :socket, "0.3.13", "98a2ab20ce17f95fb512c5cadddba32b57273e0d2dba2d2e5f976c5969d0c632", [:mix], [], "hexpm", "f82ea9833ef49dde272e6568ab8aac657a636acb4cf44a7de8a935acb8957c2e"},
  "toml": {:hex, :toml, "0.6.2", "38f445df384a17e5d382befe30e3489112a48d3ba4c459e543f748c2f25dd4d1", [:mix], [], "hexpm", "d013e45126d74c0c26a38d31f5e8e9b83ea19fc752470feb9a86071ca5a672fa"},
}
